
Microsoft Visual Studio Solution File, Format Version 12.00
# Visual Studio Version 16
VisualStudioVersion = 16.0.30128.74
MinimumVisualStudioVersion = 10.0.40219.1
Project("{FAE04EC0-301F-11D3-BF4B-00C04F79EFBC}") = "SPKModelBinderPt6", "SPKModelBinderPt6\SPKModelBinderPt6.csproj", "{5BBB39B0-46B0-48CD-87EF-9EFA405A1E0A}"
EndProject
Global
	GlobalSection(SolutionConfigurationPlatforms) = preSolution
		Debug|Any CPU = Debug|Any CPU
		Release|Any CPU = Release|Any CPU
	EndGlobalSection
	GlobalSection(ProjectConfigurationPlatforms) = postSolution
		{5BBB39B0-46B0-48CD-87EF-9EFA405A1E0A}.Debug|Any CPU.ActiveCfg = Debug|Any CPU
		{5BBB39B0-46B0-48CD-87EF-9EFA405A1E0A}.Debug|Any CPU.Build.0 = Debug|Any CPU
		{5BBB39B0-46B0-48CD-87EF-9EFA405A1E0A}.Release|Any CPU.ActiveCfg = Release|Any CPU
		{5BBB39B0-46B0-48CD-87EF-9EFA405A1E0A}.Release|Any CPU.Build.0 = Release|Any CPU
	EndGlobalSection
	GlobalSection(SolutionProperties) = preSolution
		HideSolutionNode = FALSE
	EndGlobalSection
	GlobalSection(ExtensibilityGlobals) = postSolution
		SolutionGuid = {29DACA79-48E8-434D-BE9F-1D7E9777E6FB}
	EndGlobalSection
EndGlobal
